
Microsoft Visual Studio Solution File, Format Version 12.00
# Visual Studio Version 16
VisualStudioVersion = 16.0.810.22
MinimumVisualStudioVersion = 10.0.40219.1
Project("{FAE04EC0-301F-11D3-BF4B-00C04F79EFBC}") = "MDS_BE", "MDS_BE\MDS_BE.csproj", "{AF391B55-4659-4700-8CAE-78A18F74E26A}"
EndProject
Global
	GlobalSection(SolutionConfigurationPlatforms) = preSolution
		Debug|Any CPU = Debug|Any CPU
		Release|Any CPU = Release|Any CPU
	EndGlobalSection
	GlobalSection(ProjectConfigurationPlatforms) = postSolution
		{AF391B55-4659-4700-8CAE-78A18F74E26A}.Debug|Any CPU.ActiveCfg = Debug|Any CPU
		{AF391B55-4659-4700-8CAE-78A18F74E26A}.Debug|Any CPU.Build.0 = Debug|Any CPU
		{AF391B55-4659-4700-8CAE-78A18F74E26A}.Release|Any CPU.ActiveCfg = Release|Any CPU
		{AF391B55-4659-4700-8CAE-78A18F74E26A}.Release|Any CPU.Build.0 = Release|Any CPU
	EndGlobalSection
	GlobalSection(SolutionProperties) = preSolution
		HideSolutionNode = FALSE
	EndGlobalSection
	GlobalSection(ExtensibilityGlobals) = postSolution
		SolutionGuid = {6C1EB1C6-6EC2-4C21-A3A1-747C4275CFD3}
	EndGlobalSection
EndGlobal
